// !$*UTF8*$!
{
	archiveVersion = 1;
	classes = {
	};
	objectVersion = 46;
	objects = {

/* Begin PBXBuildFile section */
		4386580519A40073008C643A /* AppDelegate.swift in Sources */ = {isa = PBXBuildFile; fileRef = 4386580419A40073008C643A /* AppDelegate.swift */; };
		4386580719A40073008C643A /* ViewController.swift in Sources */ = {isa = PBXBuildFile; fileRef = 4386580619A40073008C643A /* ViewController.swift */; };
		4386580A19A40073008C643A /* Main.storyboard in Resources */ = {isa = PBXBuildFile; fileRef = 4386580819A40073008C643A /* Main.storyboard */; };
		4386580C19A40073008C643A /* Images.xcassets in Resources */ = {isa = PBXBuildFile; fileRef = 4386580B19A40073008C643A /* Images.xcassets */; };
		4386581819A40073008C643A /* Class_DirectoryTests.swift in Sources */ = {isa = PBXBuildFile; fileRef = 4386581719A40073008C643A /* Class_DirectoryTests.swift */; };
		4386582219A40B9F008C643A /* DetailViewController.swift in Sources */ = {isa = PBXBuildFile; fileRef = 4386582119A40B9F008C643A /* DetailViewController.swift */; };
		438C5A2B19AA573D00D3A4BD /* Class_Directory.xcdatamodeld in Sources */ = {isa = PBXBuildFile; fileRef = 438C5A2919AA573D00D3A4BD /* Class_Directory.xcdatamodeld */; };
		43AF81B419AE96EE00A16993 /* Person.swift in Sources */ = {isa = PBXBuildFile; fileRef = 43AF81B319AE96EE00A16993 /* Person.swift */; };
		43B72B1819A5371600EB1A55 /* stack21.png in Resources */ = {isa = PBXBuildFile; fileRef = 43B72B1719A5371600EB1A55 /* stack21.png */; };
		43BB3D0F19B5C2E300AD677C /* user134.png in Resources */ = {isa = PBXBuildFile; fileRef = 43BB3D0E19B5C2E300AD677C /* user134.png */; };
		43D673B819A44A87001D5DE0 /* PersonClass.swift in Sources */ = {isa = PBXBuildFile; fileRef = 43D673B719A44A87001D5DE0 /* PersonClass.swift */; };
		43E94F8519B5870C000B2CFF /* slr2.png in Resources */ = {isa = PBXBuildFile; fileRef = 43E94F8419B5870C000B2CFF /* slr2.png */; };
/* End PBXBuildFile section */

/* Begin PBXContainerItemProxy section */
		4386581219A40073008C643A /* PBXContainerItemProxy */ = {
			isa = PBXContainerItemProxy;
			containerPortal = 438657F719A40073008C643A /* Project object */;
			proxyType = 1;
			remoteGlobalIDString = 438657FE19A40073008C643A;
			remoteInfo = "Class Directory";
		};
/* End PBXContainerItemProxy section */

/* Begin PBXFileReference section */
		438657FF19A40073008C643A /* Class Directory.app */ = {isa = PBXFileReference; explicitFileType = wrapper.application; includeInIndex = 0; path = "Class Directory.app"; sourceTree = BUILT_PRODUCTS_DIR; };
		4386580319A40073008C643A /* Info.plist */ = {isa = PBXFileReference; lastKnownFileType = text.plist.xml; path = Info.plist; sourceTree = "<group>"; };
		4386580419A40073008C643A /* AppDelegate.swift */ = {isa = PBXFileReference; lastKnownFileType = sourcecode.swift; path = AppDelegate.swift; sourceTree = "<group>"; };
		4386580619A40073008C643A /* ViewController.swift */ = {isa = PBXFileReference; lastKnownFileType = sourcecode.swift; path = ViewController.swift; sourceTree = "<group>"; };
		4386580919A40073008C643A /* Base */ = {isa = PBXFileReference; lastKnownFileType = file.storyboard; name = Base; path = Base.lproj/Main.storyboard; sourceTree = "<group>"; };
		4386580B19A40073008C643A /* Images.xcassets */ = {isa = PBXFileReference; lastKnownFileType = folder.assetcatalog; path = Images.xcassets; sourceTree = "<group>"; };
		4386581119A40073008C643A /* Class DirectoryTests.xctest */ = {isa = PBXFileReference; explicitFileType = wrapper.cfbundle; includeInIndex = 0; path = "Class DirectoryTests.xctest"; sourceTree = BUILT_PRODUCTS_DIR; };
		4386581619A40073008C643A /* Info.plist */ = {isa = PBXFileReference; lastKnownFileType = text.plist.xml; path = Info.plist; sourceTree = "<group>"; };
		4386581719A40073008C643A /* Class_DirectoryTests.swift */ = {isa = PBXFileReference; lastKnownFileType = sourcecode.swift; path = Class_DirectoryTests.swift; sourceTree = "<group>"; };
		4386582119A40B9F008C643A /* DetailViewController.swift */ = {isa = PBXFileReference; fileEncoding = 4; lastKnownFileType = sourcecode.swift; path = DetailViewController.swift; sourceTree = "<group>"; };
		438C5A2A19AA573D00D3A4BD /* Class_Directory.xcdatamodel */ = {isa = PBXFileReference; lastKnownFileType = wrapper.xcdatamodel; path = Class_Directory.xcdatamodel; sourceTree = "<group>"; };
		43AF81B219AE96EC00A16993 /* Class Directory-Bridging-Header.h */ = {isa = PBXFileReference; lastKnownFileType = sourcecode.c.h; path = "Class Directory-Bridging-Header.h"; sourceTree = "<group>"; };
		43AF81B319AE96EE00A16993 /* Person.swift */ = {isa = PBXFileReference; fileEncoding = 4; lastKnownFileType = sourcecode.swift; path = Person.swift; sourceTree = "<group>"; };
		43B72B1719A5371600EB1A55 /* stack21.png */ = {isa = PBXFileReference; lastKnownFileType = image.png; path = stack21.png; sourceTree = "<group>"; };
		43BB3D0E19B5C2E300AD677C /* user134.png */ = {isa = PBXFileReference; lastKnownFileType = image.png; path = user134.png; sourceTree = "<group>"; };
		43D673B719A44A87001D5DE0 /* PersonClass.swift */ = {isa = PBXFileReference; fileEncoding = 4; lastKnownFileType = sourcecode.swift; path = PersonClass.swift; sourceTree = "<group>"; };
		43E94F8419B5870C000B2CFF /* slr2.png */ = {isa = PBXFileReference; lastKnownFileType = image.png; path = slr2.png; sourceTree = "<group>"; };
/* End PBXFileReference section */

/* Begin PBXFrameworksBuildPhase section */
		438657FC19A40073008C643A /* Frameworks */ = {
			isa = PBXFrameworksBuildPhase;
			buildActionMask = 2147483647;
			files = (
			);
			runOnlyForDeploymentPostprocessing = 0;
		};
		4386580E19A40073008C643A /* Frameworks */ = {
			isa = PBXFrameworksBuildPhase;
			buildActionMask = 2147483647;
			files = (
			);
			runOnlyForDeploymentPostprocessing = 0;
		};
/* End PBXFrameworksBuildPhase section */

/* Begin PBXGroup section */
		438657F619A40073008C643A = {
			isa = PBXGroup;
			children = (
				4386580119A40073008C643A /* Class Directory */,
				4386581419A40073008C643A /* Class DirectoryTests */,
				4386580019A40073008C643A /* Products */,
			);
			sourceTree = "<group>";
		};
		4386580019A40073008C643A /* Products */ = {
			isa = PBXGroup;
			children = (
				438657FF19A40073008C643A /* Class Directory.app */,
				4386581119A40073008C643A /* Class DirectoryTests.xctest */,
			);
			name = Products;
			sourceTree = "<group>";
		};
		4386580119A40073008C643A /* Class Directory */ = {
			isa = PBXGroup;
			children = (
				43BB3D0E19B5C2E300AD677C /* user134.png */,
				43E94F8419B5870C000B2CFF /* slr2.png */,
				43B72B1719A5371600EB1A55 /* stack21.png */,
				4386580419A40073008C643A /* AppDelegate.swift */,
				4386580619A40073008C643A /* ViewController.swift */,
				4386580819A40073008C643A /* Main.storyboard */,
				4386580B19A40073008C643A /* Images.xcassets */,
				4386580219A40073008C643A /* Supporting Files */,
				4386582119A40B9F008C643A /* DetailViewController.swift */,
				43D673B719A44A87001D5DE0 /* PersonClass.swift */,
				438C5A2919AA573D00D3A4BD /* Class_Directory.xcdatamodeld */,
				43AF81B319AE96EE00A16993 /* Person.swift */,
				43AF81B219AE96EC00A16993 /* Class Directory-Bridging-Header.h */,
			);
			path = "Class Directory";
			sourceTree = "<group>";
		};
		4386580219A40073008C643A /* Supporting Files */ = {
			isa = PBXGroup;
			children = (
				4386580319A40073008C643A /* Info.plist */,
			);
			name = "Supporting Files";
			sourceTree = "<group>";
		};
		4386581419A40073008C643A /* Class DirectoryTests */ = {
			isa = PBXGroup;
			children = (
				4386581719A40073008C643A /* Class_DirectoryTests.swift */,
				4386581519A40073008C643A /* Supporting Files */,
			);
			path = "Class DirectoryTests";
			sourceTree = "<group>";
		};
		4386581519A40073008C643A /* Supporting Files */ = {
			isa = PBXGroup;
			children = (
				4386581619A40073008C643A /* Info.plist */,
			);
			name = "Supporting Files";
			sourceTree = "<group>";
		};
/* End PBXGroup section */

/* Begin PBXNativeTarget section */
		438657FE19A40073008C643A /* Class Directory */ = {
			isa = PBXNativeTarget;
			buildConfigurationList = 4386581B19A40074008C643A /* Build configuration list for PBXNativeTarget "Class Directory" */;
			buildPhases = (
				438657FB19A40073008C643A /* Sources */,
				438657FC19A40073008C643A /* Frameworks */,
				438657FD19A40073008C643A /* Resources */,
			);
			buildRules = (
			);
			dependencies = (
			);
			name = "Class Directory";
			productName = "Class Directory";
			productReference = 438657FF19A40073008C643A /* Class Directory.app */;
			productType = "com.apple.product-type.application";
		};
		4386581019A40073008C643A /* Class DirectoryTests */ = {
			isa = PBXNativeTarget;
			buildConfigurationList = 4386581E19A40074008C643A /* Build configuration list for PBXNativeTarget "Class DirectoryTests" */;
			buildPhases = (
				4386580D19A40073008C643A /* Sources */,
				4386580E19A40073008C643A /* Frameworks */,
				4386580F19A40073008C643A /* Resources */,
			);
			buildRules = (
			);
			dependencies = (
				4386581319A40073008C643A /* PBXTargetDependency */,
			);
			name = "Class DirectoryTests";
			productName = "Class DirectoryTests";
			productReference = 4386581119A40073008C643A /* Class DirectoryTests.xctest */;
			productType = "com.apple.product-type.bundle.unit-test";
		};
/* End PBXNativeTarget section */

/* Begin PBXProject section */
		438657F719A40073008C643A /* Project object */ = {
			isa = PBXProject;
			attributes = {
				LastUpgradeCheck = 0600;
				ORGANIZATIONNAME = "Nate Birkholz";
				TargetAttributes = {
					438657FE19A40073008C643A = {
						CreatedOnToolsVersion = 6.0;
					};
					4386581019A40073008C643A = {
						CreatedOnToolsVersion = 6.0;
						TestTargetID = 438657FE19A40073008C643A;
					};
				};
			};
			buildConfigurationList = 438657FA19A40073008C643A /* Build configuration list for PBXProject "ClassDirectory" */;
			compatibilityVersion = "Xcode 3.2";
			developmentRegion = English;
			hasScannedForEncodings = 0;
			knownRegions = (
				en,
				Base,
			);
			mainGroup = 438657F619A40073008C643A;
			productRefGroup = 4386580019A40073008C643A /* Products */;
			projectDirPath = "";
			projectRoot = "";
			targets = (
				438657FE19A40073008C643A /* Class Directory */,
				4386581019A40073008C643A /* Class DirectoryTests */,
			);
		};
/* End PBXProject section */

/* Begin PBXResourcesBuildPhase section */
		438657FD19A40073008C643A /* Resources */ = {
			isa = PBXResourcesBuildPhase;
			buildActionMask = 2147483647;
			files = (
				4386580A19A40073008C643A /* Main.storyboard in Resources */,
				43B72B1819A5371600EB1A55 /* stack21.png in Resources */,
				43E94F8519B5870C000B2CFF /* slr2.png in Resources */,
				4386580C19A40073008C643A /* Images.xcassets in Resources */,
				43BB3D0F19B5C2E300AD677C /* user134.png in Resources */,
			);
			runOnlyForDeploymentPostprocessing = 0;
		};
		4386580F19A40073008C643A /* Resources */ = {
			isa = PBXResourcesBuildPhase;
			buildActionMask = 2147483647;
			files = (
			);
			runOnlyForDeploymentPostprocessing = 0;
		};
/* End PBXResourcesBuildPhase section */

/* Begin PBXSourcesBuildPhase section */
		438657FB19A40073008C643A /* Sources */ = {
			isa = PBXSourcesBuildPhase;
			buildActionMask = 2147483647;
			files = (
				43AF81B419AE96EE00A16993 /* Person.swift in Sources */,
				4386582219A40B9F008C643A /* DetailViewController.swift in Sources */,
				43D673B819A44A87001D5DE0 /* PersonClass.swift in Sources */,
				4386580719A40073008C643A /* ViewController.swift in Sources */,
				4386580519A40073008C643A /* AppDelegate.swift in Sources */,
				438C5A2B19AA573D00D3A4BD /* Class_Directory.xcdatamodeld in Sources */,
			);
			runOnlyForDeploymentPostprocessing = 0;
		};
		4386580D19A40073008C643A /* Sources */ = {
			isa = PBXSourcesBuildPhase;
			buildActionMask = 2147483647;
			files = (
				4386581819A40073008C643A /* Class_DirectoryTests.swift in Sources */,
			);
			runOnlyForDeploymentPostprocessing = 0;
		};
/* End PBXSourcesBuildPhase section */

/* Begin PBXTargetDependency section */
		4386581319A40073008C643A /* PBXTargetDependency */ = {
			isa = PBXTargetDependency;
			target = 438657FE19A40073008C643A /* Class Directory */;
			targetProxy = 4386581219A40073008C643A /* PBXContainerItemProxy */;
		};
/* End PBXTargetDependency section */

/* Begin PBXVariantGroup section */
		4386580819A40073008C643A /* Main.storyboard */ = {
			isa = PBXVariantGroup;
			children = (
				4386580919A40073008C643A /* Base */,
			);
			name = Main.storyboard;
			sourceTree = "<group>";
		};
/* End PBXVariantGroup section */

/* Begin XCBuildConfiguration section */
		4386581919A40073008C643A /* Debug */ = {
			isa = XCBuildConfiguration;
			buildSettings = {
				ALWAYS_SEARCH_USER_PATHS = NO;
				CLANG_CXX_LANGUAGE_STANDARD = "gnu++0x";
				CLANG_CXX_LIBRARY = "libc++";
				CLANG_ENABLE_MODULES = YES;
				CLANG_ENABLE_OBJC_ARC = YES;
				CLANG_WARN_BOOL_CONVERSION = YES;
				CLANG_WARN_CONSTANT_CONVERSION = YES;
				CLANG_WARN_DIRECT_OBJC_ISA_USAGE = YES_ERROR;
				CLANG_WARN_EMPTY_BODY = YES;
				CLANG_WARN_ENUM_CONVERSION = YES;
				CLANG_WARN_INT_CONVERSION = YES;
				CLANG_WARN_OBJC_ROOT_CLASS = YES_ERROR;
				CLANG_WARN_UNREACHABLE_CODE = YES;
				CLANG_WARN__DUPLICATE_METHOD_MATCH = YES;
				"CODE_SIGN_IDENTITY[sdk=iphoneos*]" = "iPhone Developer";
				COPY_PHASE_STRIP = NO;
				ENABLE_STRICT_OBJC_MSGSEND = YES;
				GCC_C_LANGUAGE_STANDARD = gnu99;
				GCC_DYNAMIC_NO_PIC = NO;
				GCC_OPTIMIZATION_LEVEL = 0;
				GCC_PREPROCESSOR_DEFINITIONS = (
					"DEBUG=1",
					"$(inherited)",
				);
				GCC_SYMBOLS_PRIVATE_EXTERN = NO;
				GCC_WARN_64_TO_32_BIT_CONVERSION = YES;
				GCC_WARN_ABOUT_RETURN_TYPE = YES_ERROR;
				GCC_WARN_UNDECLARED_SELECTOR = YES;
				GCC_WARN_UNINITIALIZED_AUTOS = YES_AGGRESSIVE;
				GCC_WARN_UNUSED_FUNCTION = YES;
				GCC_WARN_UNUSED_VARIABLE = YES;
				IPHONEOS_DEPLOYMENT_TARGET = 8.0;
				MTL_ENABLE_DEBUG_INFO = YES;
				ONLY_ACTIVE_ARCH = YES;
				SDKROOT = iphoneos;
				SWIFT_OPTIMIZATION_LEVEL = "-Onone";
			};
			name = Debug;
		};
		4386581A19A40073008C643A /* Release */ = {
			isa = XCBuildConfiguration;
			buildSettings = {
				ALWAYS_SEARCH_USER_PATHS = NO;
				CLANG_CXX_LANGUAGE_STANDARD = "gnu++0x";
				CLANG_CXX_LIBRARY = "libc++";
				CLANG_ENABLE_MODULES = YES;
				CLANG_ENABLE_OBJC_ARC = YES;
				CLANG_WARN_BOOL_CONVERSION = YES;
				CLANG_WARN_CONSTANT_CONVERSION = YES;
				CLANG_WARN_DIRECT_OBJC_ISA_USAGE = YES_ERROR;
				CLANG_WARN_EMPTY_BODY = YES;
				CLANG_WARN_ENUM_CONVERSION = YES;
				CLANG_WARN_INT_CONVERSION = YES;
				CLANG_WARN_OBJC_ROOT_CLASS = YES_ERROR;
				CLANG_WARN_UNREACHABLE_CODE = YES;
				CLANG_WARN__DUPLICATE_METHOD_MATCH = YES;
				"CODE_SIGN_IDENTITY[sdk=iphoneos*]" = "iPhone Developer";
				COPY_PHASE_STRIP = YES;
				ENABLE_NS_ASSERTIONS = NO;
				ENABLE_STRICT_OBJC_MSGSEND = YES;
				GCC_C_LANGUAGE_STANDARD = gnu99;
				GCC_WARN_64_TO_32_BIT_CONVERSION = YES;
				GCC_WARN_ABOUT_RETURN_TYPE = YES_ERROR;
				GCC_WARN_UNDECLARED_SELECTOR = YES;
				GCC_WARN_UNINITIALIZED_AUTOS = YES_AGGRESSIVE;
				GCC_WARN_UNUSED_FUNCTION = YES;
				GCC_WARN_UNUSED_VARIABLE = YES;
				IPHONEOS_DEPLOYMENT_TARGET = 8.0;
				MTL_ENABLE_DEBUG_INFO = NO;
				SDKROOT = iphoneos;
				VALIDATE_PRODUCT = YES;
			};
			name = Release;
		};
		4386581C19A40074008C643A /* Debug */ = {
			isa = XCBuildConfiguration;
			buildSettings = {
				ASSETCATALOG_COMPILER_APPICON_NAME = AppIcon;
				ASSETCATALOG_COMPILER_LAUNCHIMAGE_NAME = LaunchImage;
				CLANG_ENABLE_MODULES = YES;
				INFOPLIST_FILE = "Class Directory/Info.plist";
				LD_RUNPATH_SEARCH_PATHS = "$(inherited) @executable_path/Frameworks";
				PRODUCT_NAME = "$(TARGET_NAME)";
				SWIFT_OBJC_BRIDGING_HEADER = "Class Directory/Class Directory-Bridging-Header.h";
				SWIFT_OPTIMIZATION_LEVEL = "-Onone";
			};
			name = Debug;
		};
		4386581D19A40074008C643A /* Release */ = {
			isa = XCBuildConfiguration;
			buildSettings = {
				ASSETCATALOG_COMPILER_APPICON_NAME = AppIcon;
				ASSETCATALOG_COMPILER_LAUNCHIMAGE_NAME = LaunchImage;
				CLANG_ENABLE_MODULES = YES;
				INFOPLIST_FILE = "Class Directory/Info.plist";
				LD_RUNPATH_SEARCH_PATHS = "$(inherited) @executable_path/Frameworks";
				PRODUCT_NAME = "$(TARGET_NAME)";
				SWIFT_OBJC_BRIDGING_HEADER = "Class Directory/Class Directory-Bridging-Header.h";
			};
			name = Release;
		};
		4386581F19A40074008C643A /* Debug */ = {
			isa = XCBuildConfiguration;
			buildSettings = {
				BUNDLE_LOADER = "$(TEST_HOST)";
				FRAMEWORK_SEARCH_PATHS = (
					"$(SDKROOT)/Developer/Library/Frameworks",
					"$(inherited)",
				);
				GCC_PREPROCESSOR_DEFINITIONS = (
					"DEBUG=1",
					"$(inherited)",
				);
				INFOPLIST_FILE = "Class DirectoryTests/Info.plist";
				LD_RUNPATH_SEARCH_PATHS = "$(inherited) @executable_path/Frameworks @loader_path/Frameworks";
				PRODUCT_NAME = "$(TARGET_NAME)";
				TEST_HOST = "$(BUILT_PRODUCTS_DIR)/Class Directory.app/Class Directory";
			};
			name = Debug;
		};
		4386582019A40074008C643A /* Release */ = {
			isa = XCBuildConfiguration;
			buildSettings = {
				BUNDLE_LOADER = "$(TEST_HOST)";
				FRAMEWORK_SEARCH_PATHS = (
					"$(SDKROOT)/Developer/Library/Frameworks",
					"$(inherited)",
				);
				INFOPLIST_FILE = "Class DirectoryTests/Info.plist";
				LD_RUNPATH_SEARCH_PATHS = "$(inherited) @executable_path/Frameworks @loader_path/Frameworks";
				PRODUCT_NAME = "$(TARGET_NAME)";
				TEST_HOST = "$(BUILT_PRODUCTS_DIR)/Class Directory.app/Class Directory";
			};
			name = Release;
		};
/* End XCBuildConfiguration section */

/* Begin XCConfigurationList section */
		438657FA19A40073008C643A /* Build configuration list for PBXProject "ClassDirectory" */ = {
			isa = XCConfigurationList;
			buildConfigurations = (
				4386581919A40073008C643A /* Debug */,
				4386581A19A40073008C643A /* Release */,
			);
			defaultConfigurationIsVisible = 0;
			defaultConfigurationName = Release;
		};
		4386581B19A40074008C643A /* Build configuration list for PBXNativeTarget "Class Directory" */ = {
			isa = XCConfigurationList;
			buildConfigurations = (
				4386581C19A40074008C643A /* Debug */,
				4386581D19A40074008C643A /* Release */,
			);
			defaultConfigurationIsVisible = 0;
			defaultConfigurationName = Release;
		};
		4386581E19A40074008C643A /* Build configuration list for PBXNativeTarget "Class DirectoryTests" */ = {
			isa = XCConfigurationList;
			buildConfigurations = (
				4386581F19A40074008C643A /* Debug */,
				4386582019A40074008C643A /* Release */,
			);
			defaultConfigurationIsVisible = 0;
			defaultConfigurationName = Release;
		};
/* End XCConfigurationList section */

/* Begin XCVersionGroup section */
		438C5A2919AA573D00D3A4BD /* Class_Directory.xcdatamodeld */ = {
			isa = XCVersionGroup;
			children = (
				438C5A2A19AA573D00D3A4BD /* Class_Directory.xcdatamodel */,
			);
			currentVersion = 438C5A2A19AA573D00D3A4BD /* Class_Directory.xcdatamodel */;
			path = Class_Directory.xcdatamodeld;
			sourceTree = "<group>";
			versionGroupType = wrapper.xcdatamodel;
		};
/* End XCVersionGroup section */
	};
	rootObject = 438657F719A40073008C643A /* Project object */;
}
